# This file is automatically @generated by Wally.
# It is not intended for manual editing.
registry = "test"

[[package]]
name = "brittonfischer/profileservice"
version = "2.1.5"
dependencies = []

[[package]]
name = "csqrl/sift"
version = "0.0.3"
dependencies = []

[[package]]
name = "devsa/project-template"
version = "0.1.0"
dependencies = [["Component", "sleitnick/component@2.4.6"], ["Janitor", "howmanysmall/janitor@1.14.1"], ["Loader", "sleitnick/loader@2.0.0"], ["Net", "vorlias/net@3.0.1"], ["ProfileService", "brittonfischer/profileservice@2.1.5"], ["Promise", "evaera/promise@4.0.0"], ["Roact", "roblox/roact@1.4.4"], ["RoactRodux", "roblox/roact-rodux@0.3.0"], ["Rodux", "roblox/rodux@4.0.0-rc.0"], ["Sift", "csqrl/sift@0.0.3"], ["Signal", "stravant/goodsignal@0.2.1"]]

[[package]]
name = "evaera/promise"
version = "4.0.0"
dependencies = []

[[package]]
name = "howmanysmall/janitor"
version = "1.14.1"
dependencies = []

[[package]]
name = "roblox/roact"
version = "1.4.4"
dependencies = []

[[package]]
name = "roblox/roact-rodux"
version = "0.3.0"
dependencies = [["Roact", "roblox/roact@1.4.4"], ["Rodux", "roblox/rodux@3.0.0"]]

[[package]]
name = "roblox/rodux"
version = "3.0.0"
dependencies = []

[[package]]
name = "roblox/rodux"
version = "4.0.0-rc.0"
dependencies = []

[[package]]
name = "sleitnick/component"
version = "2.4.6"
dependencies = [["Promise", "evaera/promise@4.0.0"], ["Signal", "sleitnick/signal@1.2.1"], ["Symbol", "sleitnick/symbol@2.0.1"], ["Trove", "sleitnick/trove@0.4.2"]]

[[package]]
name = "sleitnick/loader"
version = "2.0.0"
dependencies = []

[[package]]
name = "sleitnick/signal"
version = "1.2.1"
dependencies = []

[[package]]
name = "sleitnick/symbol"
version = "2.0.1"
dependencies = []

[[package]]
name = "sleitnick/trove"
version = "0.4.2"
dependencies = []

[[package]]
name = "stravant/goodsignal"
version = "0.2.1"
dependencies = []

[[package]]
name = "vorlias/net"
version = "3.0.1"
dependencies = []
